
Microsoft Visual Studio Solution File, Format Version 12.00
# Visual Studio Version 16
VisualStudioVersion = 25.0.1704.0
MinimumVisualStudioVersion = 10.0.40219.1
Project("{FAE04EC0-301F-11D3-BF4B-00C04F79EFBC}") = "Class-Concepts", "Class-Concepts\Class-Concepts.csproj", "{47966F87-A0E9-4E0C-87B4-E1BC89E23CA7}"
EndProject
Global
	GlobalSection(SolutionConfigurationPlatforms) = preSolution
		Debug|Any CPU = Debug|Any CPU
		Release|Any CPU = Release|Any CPU
	EndGlobalSection
	GlobalSection(ProjectConfigurationPlatforms) = postSolution
		{47966F87-A0E9-4E0C-87B4-E1BC89E23CA7}.Debug|Any CPU.ActiveCfg = Debug|Any CPU
		{47966F87-A0E9-4E0C-87B4-E1BC89E23CA7}.Debug|Any CPU.Build.0 = Debug|Any CPU
		{47966F87-A0E9-4E0C-87B4-E1BC89E23CA7}.Release|Any CPU.ActiveCfg = Release|Any CPU
		{47966F87-A0E9-4E0C-87B4-E1BC89E23CA7}.Release|Any CPU.Build.0 = Release|Any CPU
	EndGlobalSection
	GlobalSection(SolutionProperties) = preSolution
		HideSolutionNode = FALSE
	EndGlobalSection
	GlobalSection(ExtensibilityGlobals) = postSolution
		SolutionGuid = {39DE66A5-C88B-4C15-B7CF-851444A967A4}
	EndGlobalSection
EndGlobal
