
Microsoft Visual Studio Solution File, Format Version 12.00
# Visual Studio Version 16
VisualStudioVersion = 25.0.1704.0
MinimumVisualStudioVersion = 10.0.40219.1
Project("{FAE04EC0-301F-11D3-BF4B-00C04F79EFBC}") = "Interface", "Interface\Interface.csproj", "{886CEE90-221C-40DC-834F-F471244D6A60}"
EndProject
Global
	GlobalSection(SolutionConfigurationPlatforms) = preSolution
		Debug|Any CPU = Debug|Any CPU
		Release|Any CPU = Release|Any CPU
	EndGlobalSection
	GlobalSection(ProjectConfigurationPlatforms) = postSolution
		{886CEE90-221C-40DC-834F-F471244D6A60}.Debug|Any CPU.ActiveCfg = Debug|Any CPU
		{886CEE90-221C-40DC-834F-F471244D6A60}.Debug|Any CPU.Build.0 = Debug|Any CPU
		{886CEE90-221C-40DC-834F-F471244D6A60}.Release|Any CPU.ActiveCfg = Release|Any CPU
		{886CEE90-221C-40DC-834F-F471244D6A60}.Release|Any CPU.Build.0 = Release|Any CPU
	EndGlobalSection
	GlobalSection(SolutionProperties) = preSolution
		HideSolutionNode = FALSE
	EndGlobalSection
	GlobalSection(ExtensibilityGlobals) = postSolution
		SolutionGuid = {899A4C27-FD1C-4DBB-9240-6444D27A30CD}
	EndGlobalSection
EndGlobal
