
Microsoft Visual Studio Solution File, Format Version 12.00
# Visual Studio Version 16
VisualStudioVersion = 25.0.1704.0
MinimumVisualStudioVersion = 10.0.40219.1
Project("{FAE04EC0-301F-11D3-BF4B-00C04F79EFBC}") = "Polymorphism", "Polymorphism\Polymorphism.csproj", "{028EC50A-4BFE-41DC-8CCE-B9D90555DCCB}"
EndProject
Global
	GlobalSection(SolutionConfigurationPlatforms) = preSolution
		Debug|Any CPU = Debug|Any CPU
		Release|Any CPU = Release|Any CPU
	EndGlobalSection
	GlobalSection(ProjectConfigurationPlatforms) = postSolution
		{028EC50A-4BFE-41DC-8CCE-B9D90555DCCB}.Debug|Any CPU.ActiveCfg = Debug|Any CPU
		{028EC50A-4BFE-41DC-8CCE-B9D90555DCCB}.Debug|Any CPU.Build.0 = Debug|Any CPU
		{028EC50A-4BFE-41DC-8CCE-B9D90555DCCB}.Release|Any CPU.ActiveCfg = Release|Any CPU
		{028EC50A-4BFE-41DC-8CCE-B9D90555DCCB}.Release|Any CPU.Build.0 = Release|Any CPU
	EndGlobalSection
	GlobalSection(SolutionProperties) = preSolution
		HideSolutionNode = FALSE
	EndGlobalSection
	GlobalSection(ExtensibilityGlobals) = postSolution
		SolutionGuid = {6D9C0878-C102-4B17-8D6E-5706280DBE11}
	EndGlobalSection
EndGlobal
